id: gnsssdr_mod_de_serializer
label: de-serializer
category: '[Gnsssdr_mod]'
templates:
  imports: |-
     import gnsssdr_mod
     import pmt
  make: gnsssdr_mod.de_serializer(${monitor_port}, ${pvt_monitor})
parameters:
- id: monitor_port
  label: Monitor_port
  dtype: raw
  default: '1234'
- id: pvt_monitor
  label: Pvt_monitor
  dtype: raw
  default: '1111'

file_format: 1

outputs:
-   domain: message
    id: out
    optional: true